<Solution>
  <Configurations>
    <Platform Name="Any CPU" />
    <Platform Name="x86" />
  </Configurations>
  <Project Path="SteamAchievementCaretaker.App/SteamAchievementCaretaker.App.csproj">
    <Platform Solution="*|Any CPU" Project="AnyCPU" />
    <Platform Solution="*|x86" Project="x86" />
  </Project>
  <Project Path="SteamAchievementCaretaker.SteamApi/SteamAchievementCaretaker.SteamApi.csproj">
    <Platform Solution="*|Any CPU" Project="AnyCPU" />
    <Platform Solution="*|x86" Project="x86" />
  </Project>
  <Folder Name="/Documentation/">
    <File Path="README.md" />
    <File Path="CLAUDE.md" />
    <File Path="LICENSE.txt" />
    <File Path="docs/ARCHITECTURE.md" />
    <File Path="docs/ATTRIBUTION.md" />
    <File Path="docs/BUILD.md" />
    <File Path="docs/RELEASE-NOTES.md" />
  </Folder>
  <Folder Name="/Solution Items/">
    <File Path=".gitattributes" />
    <File Path=".gitignore" />
    <File Path="global.json" />
  </Folder>
</Solution>
